
Microsoft Visual Studio Solution File, Format Version 12.00
# Visual Studio Version 16
VisualStudioVersion = 16.0.30907.101
MinimumVisualStudioVersion = 10.0.40219.1
Project("{9A19103F-16F7-4668-BE54-9A1E7A4F7556}") = "OWArcadeDataToolConverter", "OWArcadeDataToolConverter.csproj", "{6524D6E7-DCDE-40B7-A46A-62903BE2D08B}"
EndProject
Project("{9A19103F-16F7-4668-BE54-9A1E7A4F7556}") = "OWArcadeBackend", "..\Backend\Src\OWArcadeBackend.csproj", "{A71B37BD-B1E7-4365-8159-342A3A8D138B}"
EndProject
Global
	GlobalSection(SolutionConfigurationPlatforms) = preSolution
		Debug|Any CPU = Debug|Any CPU
		Release|Any CPU = Release|Any CPU
	EndGlobalSection
	GlobalSection(ProjectConfigurationPlatforms) = postSolution
		{6524D6E7-DCDE-40B7-A46A-62903BE2D08B}.Debug|Any CPU.ActiveCfg = Debug|Any CPU
		{6524D6E7-DCDE-40B7-A46A-62903BE2D08B}.Debug|Any CPU.Build.0 = Debug|Any CPU
		{6524D6E7-DCDE-40B7-A46A-62903BE2D08B}.Release|Any CPU.ActiveCfg = Release|Any CPU
		{6524D6E7-DCDE-40B7-A46A-62903BE2D08B}.Release|Any CPU.Build.0 = Release|Any CPU
		{A71B37BD-B1E7-4365-8159-342A3A8D138B}.Debug|Any CPU.ActiveCfg = Debug|Any CPU
		{A71B37BD-B1E7-4365-8159-342A3A8D138B}.Debug|Any CPU.Build.0 = Debug|Any CPU
		{A71B37BD-B1E7-4365-8159-342A3A8D138B}.Release|Any CPU.ActiveCfg = Release|Any CPU
		{A71B37BD-B1E7-4365-8159-342A3A8D138B}.Release|Any CPU.Build.0 = Release|Any CPU
	EndGlobalSection
	GlobalSection(SolutionProperties) = preSolution
		HideSolutionNode = FALSE
	EndGlobalSection
	GlobalSection(ExtensibilityGlobals) = postSolution
		SolutionGuid = {1DA80C6F-7F36-4B23-BB90-CA9F6682E89B}
	EndGlobalSection
EndGlobal
